// !$*UTF8*$!
{
	archiveVersion = 1;
	classes = {
	};
	objectVersion = 50;
	objects = {

/* Begin PBXBuildFile section */
		3F8BF1BB24C2989D00398A63 /* AppDelegate.swift in Sources */ = {isa = PBXBuildFile; fileRef = 3F8BF1BA24C2989D00398A63 /* AppDelegate.swift */; };
		3F8BF1BD24C2989D00398A63 /* SceneDelegate.swift in Sources */ = {isa = PBXBuildFile; fileRef = 3F8BF1BC24C2989D00398A63 /* SceneDelegate.swift */; };
		3F8BF1BF24C2989D00398A63 /* ViewController.swift in Sources */ = {isa = PBXBuildFile; fileRef = 3F8BF1BE24C2989D00398A63 /* ViewController.swift */; };
		3F8BF1C224C2989D00398A63 /* Main.storyboard in Resources */ = {isa = PBXBuildFile; fileRef = 3F8BF1C024C2989D00398A63 /* Main.storyboard */; };
		3F8BF1C424C2989D00398A63 /* Assets.xcassets in Resources */ = {isa = PBXBuildFile; fileRef = 3F8BF1C324C2989D00398A63 /* Assets.xcassets */; };
		3F8BF1C724C2989E00398A63 /* LaunchScreen.storyboard in Resources */ = {isa = PBXBuildFile; fileRef = 3F8BF1C524C2989E00398A63 /* LaunchScreen.storyboard */; };
		3F8BF1D224C2989E00398A63 /* final_gradeTests.swift in Sources */ = {isa = PBXBuildFile; fileRef = 3F8BF1D124C2989E00398A63 /* final_gradeTests.swift */; };
		3F8BF1DD24C2989E00398A63 /* final_gradeUITests.swift in Sources */ = {isa = PBXBuildFile; fileRef = 3F8BF1DC24C2989E00398A63 /* final_gradeUITests.swift */; };
/* End PBXBuildFile section */

/* Begin PBXContainerItemProxy section */
		3F8BF1CE24C2989E00398A63 /* PBXContainerItemProxy */ = {
			isa = PBXContainerItemProxy;
			containerPortal = 3F8BF1AF24C2989D00398A63 /* Project object */;
			proxyType = 1;
			remoteGlobalIDString = 3F8BF1B624C2989D00398A63;
			remoteInfo = "final grade";
		};
		3F8BF1D924C2989E00398A63 /* PBXContainerItemProxy */ = {
			isa = PBXContainerItemProxy;
			containerPortal = 3F8BF1AF24C2989D00398A63 /* Project object */;
			proxyType = 1;
			remoteGlobalIDString = 3F8BF1B624C2989D00398A63;
			remoteInfo = "final grade";
		};
/* End PBXContainerItemProxy section */

/* Begin PBXFileReference section */
		3F8BF1B724C2989D00398A63 /* final grade.app */ = {isa = PBXFileReference; explicitFileType = wrapper.application; includeInIndex = 0; path = "final grade.app"; sourceTree = BUILT_PRODUCTS_DIR; };
		3F8BF1BA24C2989D00398A63 /* AppDelegate.swift */ = {isa = PBXFileReference; lastKnownFileType = sourcecode.swift; path = AppDelegate.swift; sourceTree = "<group>"; };
		3F8BF1BC24C2989D00398A63 /* SceneDelegate.swift */ = {isa = PBXFileReference; lastKnownFileType = sourcecode.swift; path = SceneDelegate.swift; sourceTree = "<group>"; };
		3F8BF1BE24C2989D00398A63 /* ViewController.swift */ = {isa = PBXFileReference; lastKnownFileType = sourcecode.swift; path = ViewController.swift; sourceTree = "<group>"; };
		3F8BF1C124C2989D00398A63 /* Base */ = {isa = PBXFileReference; lastKnownFileType = file.storyboard; name = Base; path = Base.lproj/Main.storyboard; sourceTree = "<group>"; };
		3F8BF1C324C2989D00398A63 /* Assets.xcassets */ = {isa = PBXFileReference; lastKnownFileType = folder.assetcatalog; path = Assets.xcassets; sourceTree = "<group>"; };
		3F8BF1C624C2989E00398A63 /* Base */ = {isa = PBXFileReference; lastKnownFileType = file.storyboard; name = Base; path = Base.lproj/LaunchScreen.storyboard; sourceTree = "<group>"; };
		3F8BF1C824C2989E00398A63 /* Info.plist */ = {isa = PBXFileReference; lastKnownFileType = text.plist.xml; path = Info.plist; sourceTree = "<group>"; };
		3F8BF1CD24C2989E00398A63 /* final gradeTests.xctest */ = {isa = PBXFileReference; explicitFileType = wrapper.cfbundle; includeInIndex = 0; path = "final gradeTests.xctest"; sourceTree = BUILT_PRODUCTS_DIR; };
		3F8BF1D124C2989E00398A63 /* final_gradeTests.swift */ = {isa = PBXFileReference; lastKnownFileType = sourcecode.swift; path = final_gradeTests.swift; sourceTree = "<group>"; };
		3F8BF1D324C2989E00398A63 /* Info.plist */ = {isa = PBXFileReference; lastKnownFileType = text.plist.xml; path = Info.plist; sourceTree = "<group>"; };
		3F8BF1D824C2989E00398A63 /* final gradeUITests.xctest */ = {isa = PBXFileReference; explicitFileType = wrapper.cfbundle; includeInIndex = 0; path = "final gradeUITests.xctest"; sourceTree = BUILT_PRODUCTS_DIR; };
		3F8BF1DC24C2989E00398A63 /* final_gradeUITests.swift */ = {isa = PBXFileReference; lastKnownFileType = sourcecode.swift; path = final_gradeUITests.swift; sourceTree = "<group>"; };
		3F8BF1DE24C2989E00398A63 /* Info.plist */ = {isa = PBXFileReference; lastKnownFileType = text.plist.xml; path = Info.plist; sourceTree = "<group>"; };
/* End PBXFileReference section */

/* Begin PBXFrameworksBuildPhase section */
		3F8BF1B424C2989D00398A63 /* Frameworks */ = {
			isa = PBXFrameworksBuildPhase;
			buildActionMask = 2147483647;
			files = (
			);
			runOnlyForDeploymentPostprocessing = 0;
		};
		3F8BF1CA24C2989E00398A63 /* Frameworks */ = {
			isa = PBXFrameworksBuildPhase;
			buildActionMask = 2147483647;
			files = (
			);
			runOnlyForDeploymentPostprocessing = 0;
		};
		3F8BF1D524C2989E00398A63 /* Frameworks */ = {
			isa = PBXFrameworksBuildPhase;
			buildActionMask = 2147483647;
			files = (
			);
			runOnlyForDeploymentPostprocessing = 0;
		};
/* End PBXFrameworksBuildPhase section */

/* Begin PBXGroup section */
		3F8BF1AE24C2989C00398A63 = {
			isa = PBXGroup;
			children = (
				3F8BF1B924C2989D00398A63 /* final grade */,
				3F8BF1D024C2989E00398A63 /* final gradeTests */,
				3F8BF1DB24C2989E00398A63 /* final gradeUITests */,
				3F8BF1B824C2989D00398A63 /* Products */,
			);
			sourceTree = "<group>";
		};
		3F8BF1B824C2989D00398A63 /* Products */ = {
			isa = PBXGroup;
			children = (
				3F8BF1B724C2989D00398A63 /* final grade.app */,
				3F8BF1CD24C2989E00398A63 /* final gradeTests.xctest */,
				3F8BF1D824C2989E00398A63 /* final gradeUITests.xctest */,
			);
			name = Products;
			sourceTree = "<group>";
		};
		3F8BF1B924C2989D00398A63 /* final grade */ = {
			isa = PBXGroup;
			children = (
				3F8BF1BA24C2989D00398A63 /* AppDelegate.swift */,
				3F8BF1BC24C2989D00398A63 /* SceneDelegate.swift */,
				3F8BF1BE24C2989D00398A63 /* ViewController.swift */,
				3F8BF1C024C2989D00398A63 /* Main.storyboard */,
				3F8BF1C324C2989D00398A63 /* Assets.xcassets */,
				3F8BF1C524C2989E00398A63 /* LaunchScreen.storyboard */,
				3F8BF1C824C2989E00398A63 /* Info.plist */,
			);
			path = "final grade";
			sourceTree = "<group>";
		};
		3F8BF1D024C2989E00398A63 /* final gradeTests */ = {
			isa = PBXGroup;
			children = (
				3F8BF1D124C2989E00398A63 /* final_gradeTests.swift */,
				3F8BF1D324C2989E00398A63 /* Info.plist */,
			);
			path = "final gradeTests";
			sourceTree = "<group>";
		};
		3F8BF1DB24C2989E00398A63 /* final gradeUITests */ = {
			isa = PBXGroup;
			children = (
				3F8BF1DC24C2989E00398A63 /* final_gradeUITests.swift */,
				3F8BF1DE24C2989E00398A63 /* Info.plist */,
			);
			path = "final gradeUITests";
			sourceTree = "<group>";
		};
/* End PBXGroup section */

/* Begin PBXNativeTarget section */
		3F8BF1B624C2989D00398A63 /* final grade */ = {
			isa = PBXNativeTarget;
			buildConfigurationList = 3F8BF1E124C2989E00398A63 /* Build configuration list for PBXNativeTarget "final grade" */;
			buildPhases = (
				3F8BF1B324C2989D00398A63 /* Sources */,
				3F8BF1B424C2989D00398A63 /* Frameworks */,
				3F8BF1B524C2989D00398A63 /* Resources */,
			);
			buildRules = (
			);
			dependencies = (
			);
			name = "final grade";
			productName = "final grade";
			productReference = 3F8BF1B724C2989D00398A63 /* final grade.app */;
			productType = "com.apple.product-type.application";
		};
		3F8BF1CC24C2989E00398A63 /* final gradeTests */ = {
			isa = PBXNativeTarget;
			buildConfigurationList = 3F8BF1E424C2989E00398A63 /* Build configuration list for PBXNativeTarget "final gradeTests" */;
			buildPhases = (
				3F8BF1C924C2989E00398A63 /* Sources */,
				3F8BF1CA24C2989E00398A63 /* Frameworks */,
				3F8BF1CB24C2989E00398A63 /* Resources */,
			);
			buildRules = (
			);
			dependencies = (
				3F8BF1CF24C2989E00398A63 /* PBXTargetDependency */,
			);
			name = "final gradeTests";
			productName = "final gradeTests";
			productReference = 3F8BF1CD24C2989E00398A63 /* final gradeTests.xctest */;
			productType = "com.apple.product-type.bundle.unit-test";
		};
		3F8BF1D724C2989E00398A63 /* final gradeUITests */ = {
			isa = PBXNativeTarget;
			buildConfigurationList = 3F8BF1E724C2989E00398A63 /* Build configuration list for PBXNativeTarget "final gradeUITests" */;
			buildPhases = (
				3F8BF1D424C2989E00398A63 /* Sources */,
				3F8BF1D524C2989E00398A63 /* Frameworks */,
				3F8BF1D624C2989E00398A63 /* Resources */,
			);
			buildRules = (
			);
			dependencies = (
				3F8BF1DA24C2989E00398A63 /* PBXTargetDependency */,
			);
			name = "final gradeUITests";
			productName = "final gradeUITests";
			productReference = 3F8BF1D824C2989E00398A63 /* final gradeUITests.xctest */;
			productType = "com.apple.product-type.bundle.ui-testing";
		};
/* End PBXNativeTarget section */

/* Begin PBXProject section */
		3F8BF1AF24C2989D00398A63 /* Project object */ = {
			isa = PBXProject;
			attributes = {
				LastSwiftUpdateCheck = 1150;
				LastUpgradeCheck = 1150;
				ORGANIZATIONNAME = Student;
				TargetAttributes = {
					3F8BF1B624C2989D00398A63 = {
						CreatedOnToolsVersion = 11.5;
					};
					3F8BF1CC24C2989E00398A63 = {
						CreatedOnToolsVersion = 11.5;
						TestTargetID = 3F8BF1B624C2989D00398A63;
					};
					3F8BF1D724C2989E00398A63 = {
						CreatedOnToolsVersion = 11.5;
						TestTargetID = 3F8BF1B624C2989D00398A63;
					};
				};
			};
			buildConfigurationList = 3F8BF1B224C2989D00398A63 /* Build configuration list for PBXProject "final grade" */;
			compatibilityVersion = "Xcode 9.3";
			developmentRegion = en;
			hasScannedForEncodings = 0;
			knownRegions = (
				en,
				Base,
			);
			mainGroup = 3F8BF1AE24C2989C00398A63;
			productRefGroup = 3F8BF1B824C2989D00398A63 /* Products */;
			projectDirPath = "";
			projectRoot = "";
			targets = (
				3F8BF1B624C2989D00398A63 /* final grade */,
				3F8BF1CC24C2989E00398A63 /* final gradeTests */,
				3F8BF1D724C2989E00398A63 /* final gradeUITests */,
			);
		};
/* End PBXProject section */

/* Begin PBXResourcesBuildPhase section */
		3F8BF1B524C2989D00398A63 /* Resources */ = {
			isa = PBXResourcesBuildPhase;
			buildActionMask = 2147483647;
			files = (
				3F8BF1C724C2989E00398A63 /* LaunchScreen.storyboard in Resources */,
				3F8BF1C424C2989D00398A63 /* Assets.xcassets in Resources */,
				3F8BF1C224C2989D00398A63 /* Main.storyboard in Resources */,
			);
			runOnlyForDeploymentPostprocessing = 0;
		};
		3F8BF1CB24C2989E00398A63 /* Resources */ = {
			isa = PBXResourcesBuildPhase;
			buildActionMask = 2147483647;
			files = (
			);
			runOnlyForDeploymentPostprocessing = 0;
		};
		3F8BF1D624C2989E00398A63 /* Resources */ = {
			isa = PBXResourcesBuildPhase;
			buildActionMask = 2147483647;
			files = (
			);
			runOnlyForDeploymentPostprocessing = 0;
		};
/* End PBXResourcesBuildPhase section */

/* Begin PBXSourcesBuildPhase section */
		3F8BF1B324C2989D00398A63 /* Sources */ = {
			isa = PBXSourcesBuildPhase;
			buildActionMask = 2147483647;
			files = (
				3F8BF1BF24C2989D00398A63 /* ViewController.swift in Sources */,
				3F8BF1BB24C2989D00398A63 /* AppDelegate.swift in Sources */,
				3F8BF1BD24C2989D00398A63 /* SceneDelegate.swift in Sources */,
			);
			runOnlyForDeploymentPostprocessing = 0;
		};
		3F8BF1C924C2989E00398A63 /* Sources */ = {
			isa = PBXSourcesBuildPhase;
			buildActionMask = 2147483647;
			files = (
				3F8BF1D224C2989E00398A63 /* final_gradeTests.swift in Sources */,
			);
			runOnlyForDeploymentPostprocessing = 0;
		};
		3F8BF1D424C2989E00398A63 /* Sources */ = {
			isa = PBXSourcesBuildPhase;
			buildActionMask = 2147483647;
			files = (
				3F8BF1DD24C2989E00398A63 /* final_gradeUITests.swift in Sources */,
			);
			runOnlyForDeploymentPostprocessing = 0;
		};
/* End PBXSourcesBuildPhase section */

/* Begin PBXTargetDependency section */
		3F8BF1CF24C2989E00398A63 /* PBXTargetDependency */ = {
			isa = PBXTargetDependency;
			target = 3F8BF1B624C2989D00398A63 /* final grade */;
			targetProxy = 3F8BF1CE24C2989E00398A63 /* PBXContainerItemProxy */;
		};
		3F8BF1DA24C2989E00398A63 /* PBXTargetDependency */ = {
			isa = PBXTargetDependency;
			target = 3F8BF1B624C2989D00398A63 /* final grade */;
			targetProxy = 3F8BF1D924C2989E00398A63 /* PBXContainerItemProxy */;
		};
/* End PBXTargetDependency section */

/* Begin PBXVariantGroup section */
		3F8BF1C024C2989D00398A63 /* Main.storyboard */ = {
			isa = PBXVariantGroup;
			children = (
				3F8BF1C124C2989D00398A63 /* Base */,
			);
			name = Main.storyboard;
			sourceTree = "<group>";
		};
		3F8BF1C524C2989E00398A63 /* LaunchScreen.storyboard */ = {
			isa = PBXVariantGroup;
			children = (
				3F8BF1C624C2989E00398A63 /* Base */,
			);
			name = LaunchScreen.storyboard;
			sourceTree = "<group>";
		};
/* End PBXVariantGroup section */

/* Begin XCBuildConfiguration section */
		3F8BF1DF24C2989E00398A63 /* Debug */ = {
			isa = XCBuildConfiguration;
			buildSettings = {
				ALWAYS_SEARCH_USER_PATHS = NO;
				CLANG_ANALYZER_NONNULL = YES;
				CLANG_ANALYZER_NUMBER_OBJECT_CONVERSION = YES_AGGRESSIVE;
				CLANG_CXX_LANGUAGE_STANDARD = "gnu++14";
				CLANG_CXX_LIBRARY = "libc++";
				CLANG_ENABLE_MODULES = YES;
				CLANG_ENABLE_OBJC_ARC = YES;
				CLANG_ENABLE_OBJC_WEAK = YES;
				CLANG_WARN_BLOCK_CAPTURE_AUTORELEASING = YES;
				CLANG_WARN_BOOL_CONVERSION = YES;
				CLANG_WARN_COMMA = YES;
				CLANG_WARN_CONSTANT_CONVERSION = YES;
				CLANG_WARN_DEPRECATED_OBJC_IMPLEMENTATIONS = YES;
				CLANG_WARN_DIRECT_OBJC_ISA_USAGE = YES_ERROR;
				CLANG_WARN_DOCUMENTATION_COMMENTS = YES;
				CLANG_WARN_EMPTY_BODY = YES;
				CLANG_WARN_ENUM_CONVERSION = YES;
				CLANG_WARN_INFINITE_RECURSION = YES;
				CLANG_WARN_INT_CONVERSION = YES;
				CLANG_WARN_NON_LITERAL_NULL_CONVERSION = YES;
				CLANG_WARN_OBJC_IMPLICIT_RETAIN_SELF = YES;
				CLANG_WARN_OBJC_LITERAL_CONVERSION = YES;
				CLANG_WARN_OBJC_ROOT_CLASS = YES_ERROR;
				CLANG_WARN_RANGE_LOOP_ANALYSIS = YES;
				CLANG_WARN_STRICT_PROTOTYPES = YES;
				CLANG_WARN_SUSPICIOUS_MOVE = YES;
				CLANG_WARN_UNGUARDED_AVAILABILITY = YES_AGGRESSIVE;
				CLANG_WARN_UNREACHABLE_CODE = YES;
				CLANG_WARN__DUPLICATE_METHOD_MATCH = YES;
				COPY_PHASE_STRIP = NO;
				DEBUG_INFORMATION_FORMAT = dwarf;
				ENABLE_STRICT_OBJC_MSGSEND = YES;
				ENABLE_TESTABILITY = YES;
				GCC_C_LANGUAGE_STANDARD = gnu11;
				GCC_DYNAMIC_NO_PIC = NO;
				GCC_NO_COMMON_BLOCKS = YES;
				GCC_OPTIMIZATION_LEVEL = 0;
				GCC_PREPROCESSOR_DEFINITIONS = (
					"DEBUG=1",
					"$(inherited)",
				);
				GCC_WARN_64_TO_32_BIT_CONVERSION = YES;
				GCC_WARN_ABOUT_RETURN_TYPE = YES_ERROR;
				GCC_WARN_UNDECLARED_SELECTOR = YES;
				GCC_WARN_UNINITIALIZED_AUTOS = YES_AGGRESSIVE;
				GCC_WARN_UNUSED_FUNCTION = YES;
				GCC_WARN_UNUSED_VARIABLE = YES;
				IPHONEOS_DEPLOYMENT_TARGET = 13.5;
				MTL_ENABLE_DEBUG_INFO = INCLUDE_SOURCE;
				MTL_FAST_MATH = YES;
				ONLY_ACTIVE_ARCH = YES;
				SDKROOT = iphoneos;
				SWIFT_ACTIVE_COMPILATION_CONDITIONS = DEBUG;
				SWIFT_OPTIMIZATION_LEVEL = "-Onone";
			};
			name = Debug;
		};
		3F8BF1E024C2989E00398A63 /* Release */ = {
			isa = XCBuildConfiguration;
			buildSettings = {
				ALWAYS_SEARCH_USER_PATHS = NO;
				CLANG_ANALYZER_NONNULL = YES;
				CLANG_ANALYZER_NUMBER_OBJECT_CONVERSION = YES_AGGRESSIVE;
				CLANG_CXX_LANGUAGE_STANDARD = "gnu++14";
				CLANG_CXX_LIBRARY = "libc++";
				CLANG_ENABLE_MODULES = YES;
				CLANG_ENABLE_OBJC_ARC = YES;
				CLANG_ENABLE_OBJC_WEAK = YES;
				CLANG_WARN_BLOCK_CAPTURE_AUTORELEASING = YES;
				CLANG_WARN_BOOL_CONVERSION = YES;
				CLANG_WARN_COMMA = YES;
				CLANG_WARN_CONSTANT_CONVERSION = YES;
				CLANG_WARN_DEPRECATED_OBJC_IMPLEMENTATIONS = YES;
				CLANG_WARN_DIRECT_OBJC_ISA_USAGE = YES_ERROR;
				CLANG_WARN_DOCUMENTATION_COMMENTS = YES;
				CLANG_WARN_EMPTY_BODY = YES;
				CLANG_WARN_ENUM_CONVERSION = YES;
				CLANG_WARN_INFINITE_RECURSION = YES;
				CLANG_WARN_INT_CONVERSION = YES;
				CLANG_WARN_NON_LITERAL_NULL_CONVERSION = YES;
				CLANG_WARN_OBJC_IMPLICIT_RETAIN_SELF = YES;
				CLANG_WARN_OBJC_LITERAL_CONVERSION = YES;
				CLANG_WARN_OBJC_ROOT_CLASS = YES_ERROR;
				CLANG_WARN_RANGE_LOOP_ANALYSIS = YES;
				CLANG_WARN_STRICT_PROTOTYPES = YES;
				CLANG_WARN_SUSPICIOUS_MOVE = YES;
				CLANG_WARN_UNGUARDED_AVAILABILITY = YES_AGGRESSIVE;
				CLANG_WARN_UNREACHABLE_CODE = YES;
				CLANG_WARN__DUPLICATE_METHOD_MATCH = YES;
				COPY_PHASE_STRIP = NO;
				DEBUG_INFORMATION_FORMAT = "dwarf-with-dsym";
				ENABLE_NS_ASSERTIONS = NO;
				ENABLE_STRICT_OBJC_MSGSEND = YES;
				GCC_C_LANGUAGE_STANDARD = gnu11;
				GCC_NO_COMMON_BLOCKS = YES;
				GCC_WARN_64_TO_32_BIT_CONVERSION = YES;
				GCC_WARN_ABOUT_RETURN_TYPE = YES_ERROR;
				GCC_WARN_UNDECLARED_SELECTOR = YES;
				GCC_WARN_UNINITIALIZED_AUTOS = YES_AGGRESSIVE;
				GCC_WARN_UNUSED_FUNCTION = YES;
				GCC_WARN_UNUSED_VARIABLE = YES;
				IPHONEOS_DEPLOYMENT_TARGET = 13.5;
				MTL_ENABLE_DEBUG_INFO = NO;
				MTL_FAST_MATH = YES;
				SDKROOT = iphoneos;
				SWIFT_COMPILATION_MODE = wholemodule;
				SWIFT_OPTIMIZATION_LEVEL = "-O";
				VALIDATE_PRODUCT = YES;
			};
			name = Release;
		};
		3F8BF1E224C2989E00398A63 /* Debug */ = {
			isa = XCBuildConfiguration;
			buildSettings = {
				ASSETCATALOG_COMPILER_APPICON_NAME = AppIcon;
				CODE_SIGN_STYLE = Automatic;
				DEVELOPMENT_TEAM = 3K3ZX6DFM8;
				INFOPLIST_FILE = "final grade/Info.plist";
				LD_RUNPATH_SEARCH_PATHS = (
					"$(inherited)",
					"@executable_path/Frameworks",
				);
				PRODUCT_BUNDLE_IDENTIFIER = "com.crystal.final-grade";
				PRODUCT_NAME = "$(TARGET_NAME)";
				SWIFT_VERSION = 5.0;
				TARGETED_DEVICE_FAMILY = "1,2";
			};
			name = Debug;
		};
		3F8BF1E324C2989E00398A63 /* Release */ = {
			isa = XCBuildConfiguration;
			buildSettings = {
				ASSETCATALOG_COMPILER_APPICON_NAME = AppIcon;
				CODE_SIGN_STYLE = Automatic;
				DEVELOPMENT_TEAM = 3K3ZX6DFM8;
				INFOPLIST_FILE = "final grade/Info.plist";
				LD_RUNPATH_SEARCH_PATHS = (
					"$(inherited)",
					"@executable_path/Frameworks",
				);
				PRODUCT_BUNDLE_IDENTIFIER = "com.crystal.final-grade";
				PRODUCT_NAME = "$(TARGET_NAME)";
				SWIFT_VERSION = 5.0;
				TARGETED_DEVICE_FAMILY = "1,2";
			};
			name = Release;
		};
		3F8BF1E524C2989E00398A63 /* Debug */ = {
			isa = XCBuildConfiguration;
			buildSettings = {
				ALWAYS_EMBED_SWIFT_STANDARD_LIBRARIES = YES;
				BUNDLE_LOADER = "$(TEST_HOST)";
				CODE_SIGN_STYLE = Automatic;
				DEVELOPMENT_TEAM = 3K3ZX6DFM8;
				INFOPLIST_FILE = "final gradeTests/Info.plist";
				IPHONEOS_DEPLOYMENT_TARGET = 13.5;
				LD_RUNPATH_SEARCH_PATHS = (
					"$(inherited)",
					"@executable_path/Frameworks",
					"@loader_path/Frameworks",
				);
				PRODUCT_BUNDLE_IDENTIFIER = "com.crystal.final-gradeTests";
				PRODUCT_NAME = "$(TARGET_NAME)";
				SWIFT_VERSION = 5.0;
				TARGETED_DEVICE_FAMILY = "1,2";
				TEST_HOST = "$(BUILT_PRODUCTS_DIR)/final grade.app/final grade";
			};
			name = Debug;
		};
		3F8BF1E624C2989E00398A63 /* Release */ = {
			isa = XCBuildConfiguration;
			buildSettings = {
				ALWAYS_EMBED_SWIFT_STANDARD_LIBRARIES = YES;
				BUNDLE_LOADER = "$(TEST_HOST)";
				CODE_SIGN_STYLE = Automatic;
				DEVELOPMENT_TEAM = 3K3ZX6DFM8;
				INFOPLIST_FILE = "final gradeTests/Info.plist";
				IPHONEOS_DEPLOYMENT_TARGET = 13.5;
				LD_RUNPATH_SEARCH_PATHS = (
					"$(inherited)",
					"@executable_path/Frameworks",
					"@loader_path/Frameworks",
				);
				PRODUCT_BUNDLE_IDENTIFIER = "com.crystal.final-gradeTests";
				PRODUCT_NAME = "$(TARGET_NAME)";
				SWIFT_VERSION = 5.0;
				TARGETED_DEVICE_FAMILY = "1,2";
				TEST_HOST = "$(BUILT_PRODUCTS_DIR)/final grade.app/final grade";
			};
			name = Release;
		};
		3F8BF1E824C2989E00398A63 /* Debug */ = {
			isa = XCBuildConfiguration;
			buildSettings = {
				ALWAYS_EMBED_SWIFT_STANDARD_LIBRARIES = YES;
				CODE_SIGN_STYLE = Automatic;
				DEVELOPMENT_TEAM = 3K3ZX6DFM8;
				INFOPLIST_FILE = "final gradeUITests/Info.plist";
				LD_RUNPATH_SEARCH_PATHS = (
					"$(inherited)",
					"@executable_path/Frameworks",
					"@loader_path/Frameworks",
				);
				PRODUCT_BUNDLE_IDENTIFIER = "com.crystal.final-gradeUITests";
				PRODUCT_NAME = "$(TARGET_NAME)";
				SWIFT_VERSION = 5.0;
				TARGETED_DEVICE_FAMILY = "1,2";
				TEST_TARGET_NAME = "final grade";
			};
			name = Debug;
		};
		3F8BF1E924C2989E00398A63 /* Release */ = {
			isa = XCBuildConfiguration;
			buildSettings = {
				ALWAYS_EMBED_SWIFT_STANDARD_LIBRARIES = YES;
				CODE_SIGN_STYLE = Automatic;
				DEVELOPMENT_TEAM = 3K3ZX6DFM8;
				INFOPLIST_FILE = "final gradeUITests/Info.plist";
				LD_RUNPATH_SEARCH_PATHS = (
					"$(inherited)",
					"@executable_path/Frameworks",
					"@loader_path/Frameworks",
				);
				PRODUCT_BUNDLE_IDENTIFIER = "com.crystal.final-gradeUITests";
				PRODUCT_NAME = "$(TARGET_NAME)";
				SWIFT_VERSION = 5.0;
				TARGETED_DEVICE_FAMILY = "1,2";
				TEST_TARGET_NAME = "final grade";
			};
			name = Release;
		};
/* End XCBuildConfiguration section */

/* Begin XCConfigurationList section */
		3F8BF1B224C2989D00398A63 /* Build configuration list for PBXProject "final grade" */ = {
			isa = XCConfigurationList;
			buildConfigurations = (
				3F8BF1DF24C2989E00398A63 /* Debug */,
				3F8BF1E024C2989E00398A63 /* Release */,
			);
			defaultConfigurationIsVisible = 0;
			defaultConfigurationName = Release;
		};
		3F8BF1E124C2989E00398A63 /* Build configuration list for PBXNativeTarget "final grade" */ = {
			isa = XCConfigurationList;
			buildConfigurations = (
				3F8BF1E224C2989E00398A63 /* Debug */,
				3F8BF1E324C2989E00398A63 /* Release */,
			);
			defaultConfigurationIsVisible = 0;
			defaultConfigurationName = Release;
		};
		3F8BF1E424C2989E00398A63 /* Build configuration list for PBXNativeTarget "final gradeTests" */ = {
			isa = XCConfigurationList;
			buildConfigurations = (
				3F8BF1E524C2989E00398A63 /* Debug */,
				3F8BF1E624C2989E00398A63 /* Release */,
			);
			defaultConfigurationIsVisible = 0;
			defaultConfigurationName = Release;
		};
		3F8BF1E724C2989E00398A63 /* Build configuration list for PBXNativeTarget "final gradeUITests" */ = {
			isa = XCConfigurationList;
			buildConfigurations = (
				3F8BF1E824C2989E00398A63 /* Debug */,
				3F8BF1E924C2989E00398A63 /* Release */,
			);
			defaultConfigurationIsVisible = 0;
			defaultConfigurationName = Release;
		};
/* End XCConfigurationList section */
	};
	rootObject = 3F8BF1AF24C2989D00398A63 /* Project object */;
}
